
Microsoft Visual Studio Solution File, Format Version 12.00
# Visual Studio Version 17
VisualStudioVersion = 17.11.35327.3
MinimumVisualStudioVersion = 10.0.40219.1
Project("{888888A0-9F3D-457C-B088-3A5042F75D52}") = "Thermal Time", "Scripts\Thermal Time\Thermal Time.pyproj", "{D3BC5189-DEEB-4494-8EF8-FD580563E059}"
EndProject
Project("{888888A0-9F3D-457C-B088-3A5042F75D52}") = "Simulation", "Scripts\Tiller and Leaf Growth\Simulation.pyproj", "{99D5CADD-A299-4FCB-AC62-B5715E65B1C3}"
EndProject
Project("{888888A0-9F3D-457C-B088-3A5042F75D52}") = "DataCollection", "Scripts\DataCollection\DataCollection.pyproj", "{A78247B5-C4C3-426D-8020-C121D2A51D40}"
EndProject
Project("{888888A0-9F3D-457C-B088-3A5042F75D52}") = "Data Visualization", "Scripts\Data Visualization\Data Visualization.pyproj", "{F82E58BC-4B2A-4228-B427-6C1CD9BD82BB}"
EndProject
Global
	GlobalSection(SolutionConfigurationPlatforms) = preSolution
		Debug|Any CPU = Debug|Any CPU
		Release|Any CPU = Release|Any CPU
	EndGlobalSection
	GlobalSection(ProjectConfigurationPlatforms) = postSolution
		{D3BC5189-DEEB-4494-8EF8-FD580563E059}.Debug|Any CPU.ActiveCfg = Debug|Any CPU
		{D3BC5189-DEEB-4494-8EF8-FD580563E059}.Release|Any CPU.ActiveCfg = Release|Any CPU
		{99D5CADD-A299-4FCB-AC62-B5715E65B1C3}.Debug|Any CPU.ActiveCfg = Debug|Any CPU
		{99D5CADD-A299-4FCB-AC62-B5715E65B1C3}.Release|Any CPU.ActiveCfg = Release|Any CPU
		{A78247B5-C4C3-426D-8020-C121D2A51D40}.Debug|Any CPU.ActiveCfg = Debug|Any CPU
		{A78247B5-C4C3-426D-8020-C121D2A51D40}.Release|Any CPU.ActiveCfg = Release|Any CPU
		{F82E58BC-4B2A-4228-B427-6C1CD9BD82BB}.Debug|Any CPU.ActiveCfg = Debug|Any CPU
		{F82E58BC-4B2A-4228-B427-6C1CD9BD82BB}.Release|Any CPU.ActiveCfg = Release|Any CPU
	EndGlobalSection
	GlobalSection(SolutionProperties) = preSolution
		HideSolutionNode = FALSE
	EndGlobalSection
	GlobalSection(ExtensibilityGlobals) = postSolution
		SolutionGuid = {192CB453-CAF9-4927-8D5C-6455EA82C5C9}
	EndGlobalSection
EndGlobal
